
Microsoft Visual Studio Solution File, Format Version 12.00
# Visual Studio Version 16
VisualStudioVersion = 16.0.31624.102
MinimumVisualStudioVersion = 10.0.40219.1
Project("{FAE04EC0-301F-11D3-BF4B-00C04F79EFBC}") = "FrameworkLectionsCourse", "FrameworkLectionsCourse\FrameworkLectionsCourse.csproj", "{81D9EC07-EB3C-4F42-8342-D7E8D7E1810F}"
EndProject
Project("{FAE04EC0-301F-11D3-BF4B-00C04F79EFBC}") = "CoursesBL", "CoursesBL\CoursesBL.csproj", "{4D0E2D45-9BF6-4989-B3F6-D1A784383E79}"
EndProject
Project("{FAE04EC0-301F-11D3-BF4B-00C04F79EFBC}") = "CoursesDAL", "CoursesDAL\CoursesDAL.csproj", "{C655D891-B2B6-45F8-BC5D-372E075DE07E}"
EndProject
Global
	GlobalSection(SolutionConfigurationPlatforms) = preSolution
		Debug|Any CPU = Debug|Any CPU
		Release|Any CPU = Release|Any CPU
	EndGlobalSection
	GlobalSection(ProjectConfigurationPlatforms) = postSolution
		{81D9EC07-EB3C-4F42-8342-D7E8D7E1810F}.Debug|Any CPU.ActiveCfg = Debug|Any CPU
		{81D9EC07-EB3C-4F42-8342-D7E8D7E1810F}.Debug|Any CPU.Build.0 = Debug|Any CPU
		{81D9EC07-EB3C-4F42-8342-D7E8D7E1810F}.Release|Any CPU.ActiveCfg = Release|Any CPU
		{81D9EC07-EB3C-4F42-8342-D7E8D7E1810F}.Release|Any CPU.Build.0 = Release|Any CPU
		{4D0E2D45-9BF6-4989-B3F6-D1A784383E79}.Debug|Any CPU.ActiveCfg = Debug|Any CPU
		{4D0E2D45-9BF6-4989-B3F6-D1A784383E79}.Debug|Any CPU.Build.0 = Debug|Any CPU
		{4D0E2D45-9BF6-4989-B3F6-D1A784383E79}.Release|Any CPU.ActiveCfg = Release|Any CPU
		{4D0E2D45-9BF6-4989-B3F6-D1A784383E79}.Release|Any CPU.Build.0 = Release|Any CPU
		{C655D891-B2B6-45F8-BC5D-372E075DE07E}.Debug|Any CPU.ActiveCfg = Debug|Any CPU
		{C655D891-B2B6-45F8-BC5D-372E075DE07E}.Debug|Any CPU.Build.0 = Debug|Any CPU
		{C655D891-B2B6-45F8-BC5D-372E075DE07E}.Release|Any CPU.ActiveCfg = Release|Any CPU
		{C655D891-B2B6-45F8-BC5D-372E075DE07E}.Release|Any CPU.Build.0 = Release|Any CPU
	EndGlobalSection
	GlobalSection(SolutionProperties) = preSolution
		HideSolutionNode = FALSE
	EndGlobalSection
	GlobalSection(ExtensibilityGlobals) = postSolution
		SolutionGuid = {732960F9-3B0E-4212-966F-D5ED4CDBC28D}
	EndGlobalSection
EndGlobal
